Microsoft Visual Studio Solution File, Format Version 12.00
# Visual Studio 14
VisualStudioVersion = 14.0.25123.0
MinimumVisualStudioVersion = 10.0.40219.1
Project("{FAE04EC0-301F-11D3-BF4B-00C04F79EFBC}") = "Assembly-CSharp-firstpass", "Assembly-CSharp-firstpass.csproj", "{72CF2D58-063E-5767-2CE4-6719FD772AD8}"
EndProject
Project("{FAE04EC0-301F-11D3-BF4B-00C04F79EFBC}") = "Assembly-CSharp", "Assembly-CSharp.csproj", "{BCF5FE11-9805-DC5E-6F39-F017AA799D3B}"
EndProject
Project("{FAE04EC0-301F-11D3-BF4B-00C04F79EFBC}") = "Assembly-CSharp-Editor", "Assembly-CSharp-Editor.csproj", "{4273AE21-6E17-C974-DEE7-3C5014FAF490}"
EndProject
Global
	GlobalSection(SolutionConfigurationPlatforms) = preSolution
		Debug|Any CPU = Debug|Any CPU
		Release|Any CPU = Release|Any CPU
	EndGlobalSection
	GlobalSection(ProjectConfigurationPlatforms) = postSolution
		{72CF2D58-063E-5767-2CE4-6719FD772AD8}.Debug|Any CPU.ActiveCfg = Debug|Any CPU
		{72CF2D58-063E-5767-2CE4-6719FD772AD8}.Debug|Any CPU.Build.0 = Debug|Any CPU
		{72CF2D58-063E-5767-2CE4-6719FD772AD8}.Release|Any CPU.ActiveCfg = Release|Any CPU
		{72CF2D58-063E-5767-2CE4-6719FD772AD8}.Release|Any CPU.Build.0 = Release|Any CPU
		{BCF5FE11-9805-DC5E-6F39-F017AA799D3B}.Debug|Any CPU.ActiveCfg = Debug|Any CPU
		{BCF5FE11-9805-DC5E-6F39-F017AA799D3B}.Debug|Any CPU.Build.0 = Debug|Any CPU
		{BCF5FE11-9805-DC5E-6F39-F017AA799D3B}.Release|Any CPU.ActiveCfg = Release|Any CPU
		{BCF5FE11-9805-DC5E-6F39-F017AA799D3B}.Release|Any CPU.Build.0 = Release|Any CPU
		{4273AE21-6E17-C974-DEE7-3C5014FAF490}.Debug|Any CPU.ActiveCfg = Debug|Any CPU
		{4273AE21-6E17-C974-DEE7-3C5014FAF490}.Debug|Any CPU.Build.0 = Debug|Any CPU
		{4273AE21-6E17-C974-DEE7-3C5014FAF490}.Release|Any CPU.ActiveCfg = Release|Any CPU
		{4273AE21-6E17-C974-DEE7-3C5014FAF490}.Release|Any CPU.Build.0 = Release|Any CPU
	EndGlobalSection
	GlobalSection(SolutionProperties) = preSolution
		HideSolutionNode = FALSE
	EndGlobalSection
	GlobalSection(MonoDevelopProperties) = preSolution
		StartupItem = Assembly-CSharp.csproj
	EndGlobalSection
EndGlobal
