Microsoft Visual Studio Solution File, Format Version 11.00
# Visual Studio 2008

Project("{475C81F7-D26D-AD54-D2F4-55FE3955A669}") = "hplab", "Assembly-CSharp.csproj", "{BCF5FE11-9805-DC5E-6F39-F017AA799D3B}"
EndProject
Project("{475C81F7-D26D-AD54-D2F4-55FE3955A669}") = "hplab", "Assembly-CSharp-Editor.csproj", "{4273AE21-6E17-C974-DEE7-3C5014FAF490}"
EndProject
Global
	GlobalSection(SolutionConfigurationPlatforms) = preSolution
		Debug|Any CPU = Debug|Any CPU
		Release|Any CPU = Release|Any CPU
	EndGlobalSection
	GlobalSection(ProjectConfigurationPlatforms) = postSolution
		{BCF5FE11-9805-DC5E-6F39-F017AA799D3B}.Debug|Any CPU.ActiveCfg = Debug|Any CPU
		{BCF5FE11-9805-DC5E-6F39-F017AA799D3B}.Debug|Any CPU.Build.0 = Debug|Any CPU
		{BCF5FE11-9805-DC5E-6F39-F017AA799D3B}.Release|Any CPU.ActiveCfg = Release|Any CPU
		{BCF5FE11-9805-DC5E-6F39-F017AA799D3B}.Release|Any CPU.Build.0 = Release|Any CPU
		{4273AE21-6E17-C974-DEE7-3C5014FAF490}.Debug|Any CPU.ActiveCfg = Debug|Any CPU
		{4273AE21-6E17-C974-DEE7-3C5014FAF490}.Debug|Any CPU.Build.0 = Debug|Any CPU
		{4273AE21-6E17-C974-DEE7-3C5014FAF490}.Release|Any CPU.ActiveCfg = Release|Any CPU
		{4273AE21-6E17-C974-DEE7-3C5014FAF490}.Release|Any CPU.Build.0 = Release|Any CPU
	EndGlobalSection
	GlobalSection(SolutionProperties) = preSolution
		HideSolutionNode = FALSE
	EndGlobalSection
	GlobalSection(MonoDevelopProperties) = preSolution
		StartupItem = Assembly-CSharp.csproj
	EndGlobalSection
EndGlobal
